
Microsoft Visual Studio Solution File, Format Version 12.00
# Visual Studio Version 17
VisualStudioVersion = 17.7.34031.279
MinimumVisualStudioVersion = 10.0.40219.1
Project("{FAE04EC0-301F-11D3-BF4B-00C04F79EFBC}") = "E-ShopTask3", "E-ShopTask3\E-ShopTask3.csproj", "{0C25BBC9-7297-4C95-BD94-ADA5EEAC11D8}"
EndProject
Global
	GlobalSection(SolutionConfigurationPlatforms) = preSolution
		Debug|Any CPU = Debug|Any CPU
		Release|Any CPU = Release|Any CPU
	EndGlobalSection
	GlobalSection(ProjectConfigurationPlatforms) = postSolution
		{0C25BBC9-7297-4C95-BD94-ADA5EEAC11D8}.Debug|Any CPU.ActiveCfg = Debug|Any CPU
		{0C25BBC9-7297-4C95-BD94-ADA5EEAC11D8}.Debug|Any CPU.Build.0 = Debug|Any CPU
		{0C25BBC9-7297-4C95-BD94-ADA5EEAC11D8}.Release|Any CPU.ActiveCfg = Release|Any CPU
		{0C25BBC9-7297-4C95-BD94-ADA5EEAC11D8}.Release|Any CPU.Build.0 = Release|Any CPU
	EndGlobalSection
	GlobalSection(SolutionProperties) = preSolution
		HideSolutionNode = FALSE
	EndGlobalSection
	GlobalSection(ExtensibilityGlobals) = postSolution
		SolutionGuid = {D458198F-6330-4CD4-A02D-2FF64D3ECDC0}
	EndGlobalSection
EndGlobal
