
Microsoft Visual Studio Solution File, Format Version 12.00
# Visual Studio Version 17
VisualStudioVersion = 17.7.34031.279
MinimumVisualStudioVersion = 10.0.40219.1
Project("{FAE04EC0-301F-11D3-BF4B-00C04F79EFBC}") = "E-Market", "E-Market\E-Market.csproj", "{42573F27-A288-4ED4-B872-48368ADC4810}"
EndProject
Global
	GlobalSection(SolutionConfigurationPlatforms) = preSolution
		Debug|Any CPU = Debug|Any CPU
		Release|Any CPU = Release|Any CPU
	EndGlobalSection
	GlobalSection(ProjectConfigurationPlatforms) = postSolution
		{42573F27-A288-4ED4-B872-48368ADC4810}.Debug|Any CPU.ActiveCfg = Debug|Any CPU
		{42573F27-A288-4ED4-B872-48368ADC4810}.Debug|Any CPU.Build.0 = Debug|Any CPU
		{42573F27-A288-4ED4-B872-48368ADC4810}.Release|Any CPU.ActiveCfg = Release|Any CPU
		{42573F27-A288-4ED4-B872-48368ADC4810}.Release|Any CPU.Build.0 = Release|Any CPU
	EndGlobalSection
	GlobalSection(SolutionProperties) = preSolution
		HideSolutionNode = FALSE
	EndGlobalSection
	GlobalSection(ExtensibilityGlobals) = postSolution
		SolutionGuid = {F19965C4-40C3-4A16-AE40-C5813A97616C}
	EndGlobalSection
EndGlobal
